{
  "name": "wxydyy",
  "version": "1.0.0",
  "lockfileVersion": 2,
  "requires": true,
  "packages": {
    "": {
      "name": "wxydyy",
      "version": "1.0.0",
      "license": "ISC",
      "dependencies": {
        "dayjs": "^1.11.3",
        "uview-ui": "^2.0.31"
      }
    },
    "node_modules/dayjs": {
      "version": "1.11.3",
      "resolved": "https://registry.npmjs.org/dayjs/-/dayjs-1.11.3.tgz",
      "integrity": "sha512-xxwlswWOlGhzgQ4TKzASQkUhqERI3egRNqgV4ScR8wlANA/A9tZ7miXa44vTTKEq5l7vWoL5G57bG3zA+Kow0A=="
    },
    "node_modules/uview-ui": {
      "version": "2.0.31",
      "resolved": "https://registry.npmjs.org/uview-ui/-/uview-ui-2.0.31.tgz",
      "integrity": "sha512-I/0fGuvtiKHH/mBb864SGYk+SJ7WaF32tsBgYgeBOsxlUp+Th+Ac2tgz2cTvsQJl6eZYWsKZ3ixiSXCAcxZ8Sw==",
      "engines": {
        "HBuilderX": "^3.1.0"
      }
    }
  },
  "dependencies": {
    "dayjs": {
      "version": "1.11.3",
      "resolved": "https://registry.npmjs.org/dayjs/-/dayjs-1.11.3.tgz",
      "integrity": "sha512-xxwlswWOlGhzgQ4TKzASQkUhqERI3egRNqgV4ScR8wlANA/A9tZ7miXa44vTTKEq5l7vWoL5G57bG3zA+Kow0A=="
    },
    "uview-ui": {
      "version": "2.0.31",
      "resolved": "https://registry.npmjs.org/uview-ui/-/uview-ui-2.0.31.tgz",
      "integrity": "sha512-I/0fGuvtiKHH/mBb864SGYk+SJ7WaF32tsBgYgeBOsxlUp+Th+Ac2tgz2cTvsQJl6eZYWsKZ3ixiSXCAcxZ8Sw=="
    }
  }
}
